// !$*UTF8*$!
{
	archiveVersion = 1;
	classes = {
	};
	objectVersion = 56;
	objects = {

/* Begin PBXBuildFile section */
		8E60A1892B90629F00900F18 /* KKSwiftChart.framework in Frameworks */ = {isa = PBXBuildFile; fileRef = 8E60A1802B90629E00900F18 /* KKSwiftChart.framework */; };
		8E60A18E2B90629F00900F18 /* KKSwiftChartTests.swift in Sources */ = {isa = PBXBuildFile; fileRef = 8E60A18D2B90629F00900F18 /* KKSwiftChartTests.swift */; };
		8E60A18F2B90629F00900F18 /* KKSwiftChart.h in Headers */ = {isa = PBXBuildFile; fileRef = 8E60A1832B90629E00900F18 /* KKSwiftChart.h */; settings = {ATTRIBUTES = (Public, ); }; };
		8E60A1AB2B90664900900F18 /* KKChartModelPrototol.swift in Sources */ = {isa = PBXBuildFile; fileRef = 8E60A1AA2B90664900900F18 /* KKChartModelPrototol.swift */; };
		8E60A1AF2B9066E900900F18 /* KKChartConfig.swift in Sources */ = {isa = PBXBuildFile; fileRef = 8E60A1AE2B9066E900900F18 /* KKChartConfig.swift */; };
		8E60A1B22B9067CE00900F18 /* KKPointChart.swift in Sources */ = {isa = PBXBuildFile; fileRef = 8E60A1B12B9067CE00900F18 /* KKPointChart.swift */; };
		8E60A1B62B9068C200900F18 /* KKChartZooming.swift in Sources */ = {isa = PBXBuildFile; fileRef = 8E60A1B52B9068C200900F18 /* KKChartZooming.swift */; };
		8E60A1B82B9068D000900F18 /* KKChartZoomingView.swift in Sources */ = {isa = PBXBuildFile; fileRef = 8E60A1B72B9068D000900F18 /* KKChartZoomingView.swift */; };
		8E60A1BA2B90790E00900F18 /* KKChartIndicator.swift in Sources */ = {isa = PBXBuildFile; fileRef = 8E60A1B92B90790E00900F18 /* KKChartIndicator.swift */; };
		8E60A1BC2B90791A00900F18 /* KKChartIndicatorView.swift in Sources */ = {isa = PBXBuildFile; fileRef = 8E60A1BB2B90791A00900F18 /* KKChartIndicatorView.swift */; };
		8E60A1F12B91FD6300900F18 /* KKChartSearchProtocol.swift in Sources */ = {isa = PBXBuildFile; fileRef = 8E60A1F02B91FD6300900F18 /* KKChartSearchProtocol.swift */; };
		8EBDF3792B9706BE00B2A8E0 /* KKHelper.framework in Frameworks */ = {isa = PBXBuildFile; fileRef = 8EBDF3782B9706BE00B2A8E0 /* KKHelper.framework */; };
		8EBDF37A2B9706BE00B2A8E0 /* KKHelper.framework in Embed Frameworks */ = {isa = PBXBuildFile; fileRef = 8EBDF3782B9706BE00B2A8E0 /* KKHelper.framework */; settings = {ATTRIBUTES = (CodeSignOnCopy, RemoveHeadersOnCopy, ); }; };
		8EBDF37D2B9731F800B2A8E0 /* KKChartZoomingProtocol.swift in Sources */ = {isa = PBXBuildFile; fileRef = 8EBDF37C2B9731F800B2A8E0 /* KKChartZoomingProtocol.swift */; };
/* End PBXBuildFile section */

/* Begin PBXContainerItemProxy section */
		8E60A18A2B90629F00900F18 /* PBXContainerItemProxy */ = {
			isa = PBXContainerItemProxy;
			containerPortal = 8E60A1772B90629E00900F18 /* Project object */;
			proxyType = 1;
			remoteGlobalIDString = 8E60A17F2B90629E00900F18;
			remoteInfo = KKSwiftChart;
		};
/* End PBXContainerItemProxy section */

/* Begin PBXCopyFilesBuildPhase section */
		8EBDF37B2B9706BE00B2A8E0 /* Embed Frameworks */ = {
			isa = PBXCopyFilesBuildPhase;
			buildActionMask = 2147483647;
			dstPath = "";
			dstSubfolderSpec = 10;
			files = (
				8EBDF37A2B9706BE00B2A8E0 /* KKHelper.framework in Embed Frameworks */,
			);
			name = "Embed Frameworks";
			runOnlyForDeploymentPostprocessing = 0;
		};
/* End PBXCopyFilesBuildPhase section */

/* Begin PBXFileReference section */
		8E60A1802B90629E00900F18 /* KKSwiftChart.framework */ = {isa = PBXFileReference; explicitFileType = wrapper.framework; includeInIndex = 0; path = KKSwiftChart.framework; sourceTree = BUILT_PRODUCTS_DIR; };
		8E60A1832B90629E00900F18 /* KKSwiftChart.h */ = {isa = PBXFileReference; lastKnownFileType = sourcecode.c.h; path = KKSwiftChart.h; sourceTree = "<group>"; };
		8E60A1882B90629E00900F18 /* KKSwiftChartTests.xctest */ = {isa = PBXFileReference; explicitFileType = wrapper.cfbundle; includeInIndex = 0; path = KKSwiftChartTests.xctest; sourceTree = BUILT_PRODUCTS_DIR; };
		8E60A18D2B90629F00900F18 /* KKSwiftChartTests.swift */ = {isa = PBXFileReference; lastKnownFileType = sourcecode.swift; path = KKSwiftChartTests.swift; sourceTree = "<group>"; };
		8E60A1AA2B90664900900F18 /* KKChartModelPrototol.swift */ = {isa = PBXFileReference; lastKnownFileType = sourcecode.swift; path = KKChartModelPrototol.swift; sourceTree = "<group>"; };
		8E60A1AE2B9066E900900F18 /* KKChartConfig.swift */ = {isa = PBXFileReference; lastKnownFileType = sourcecode.swift; path = KKChartConfig.swift; sourceTree = "<group>"; };
		8E60A1B12B9067CE00900F18 /* KKPointChart.swift */ = {isa = PBXFileReference; lastKnownFileType = sourcecode.swift; path = KKPointChart.swift; sourceTree = "<group>"; };
		8E60A1B52B9068C200900F18 /* KKChartZooming.swift */ = {isa = PBXFileReference; lastKnownFileType = sourcecode.swift; path = KKChartZooming.swift; sourceTree = "<group>"; };
		8E60A1B72B9068D000900F18 /* KKChartZoomingView.swift */ = {isa = PBXFileReference; lastKnownFileType = sourcecode.swift; path = KKChartZoomingView.swift; sourceTree = "<group>"; };
		8E60A1B92B90790E00900F18 /* KKChartIndicator.swift */ = {isa = PBXFileReference; lastKnownFileType = sourcecode.swift; path = KKChartIndicator.swift; sourceTree = "<group>"; };
		8E60A1BB2B90791A00900F18 /* KKChartIndicatorView.swift */ = {isa = PBXFileReference; lastKnownFileType = sourcecode.swift; path = KKChartIndicatorView.swift; sourceTree = "<group>"; };
		8E60A1F02B91FD6300900F18 /* KKChartSearchProtocol.swift */ = {isa = PBXFileReference; lastKnownFileType = sourcecode.swift; path = KKChartSearchProtocol.swift; sourceTree = "<group>"; };
		8EBDF3782B9706BE00B2A8E0 /* KKHelper.framework */ = {isa = PBXFileReference; explicitFileType = wrapper.framework; path = KKHelper.framework; sourceTree = BUILT_PRODUCTS_DIR; };
		8EBDF37C2B9731F800B2A8E0 /* KKChartZoomingProtocol.swift */ = {isa = PBXFileReference; lastKnownFileType = sourcecode.swift; path = KKChartZoomingProtocol.swift; sourceTree = "<group>"; };
/* End PBXFileReference section */

/* Begin PBXFrameworksBuildPhase section */
		8E60A17D2B90629E00900F18 /* Frameworks */ = {
			isa = PBXFrameworksBuildPhase;
			buildActionMask = 2147483647;
			files = (
				8EBDF3792B9706BE00B2A8E0 /* KKHelper.framework in Frameworks */,
			);
			runOnlyForDeploymentPostprocessing = 0;
		};
		8E60A1852B90629E00900F18 /* Frameworks */ = {
			isa = PBXFrameworksBuildPhase;
			buildActionMask = 2147483647;
			files = (
				8E60A1892B90629F00900F18 /* KKSwiftChart.framework in Frameworks */,
			);
			runOnlyForDeploymentPostprocessing = 0;
		};
/* End PBXFrameworksBuildPhase section */

/* Begin PBXGroup section */
		8E60A1762B90629E00900F18 = {
			isa = PBXGroup;
			children = (
				8E60A1B02B90676000900F18 /* Definition */,
				8E60A1B42B90689500900F18 /* KKChartIndicator */,
				8E60A1B32B90688300900F18 /* KKChartZooming */,
				8E60A1822B90629E00900F18 /* KKSwiftChart */,
				8E60A18C2B90629F00900F18 /* KKSwiftChartTests */,
				8E60A1812B90629E00900F18 /* Products */,
				8EBDF3772B9706BE00B2A8E0 /* Frameworks */,
			);
			sourceTree = "<group>";
		};
		8E60A1812B90629E00900F18 /* Products */ = {
			isa = PBXGroup;
			children = (
				8E60A1802B90629E00900F18 /* KKSwiftChart.framework */,
				8E60A1882B90629E00900F18 /* KKSwiftChartTests.xctest */,
			);
			name = Products;
			sourceTree = "<group>";
		};
		8E60A1822B90629E00900F18 /* KKSwiftChart */ = {
			isa = PBXGroup;
			children = (
				8E60A1832B90629E00900F18 /* KKSwiftChart.h */,
			);
			path = KKSwiftChart;
			sourceTree = "<group>";
		};
		8E60A18C2B90629F00900F18 /* KKSwiftChartTests */ = {
			isa = PBXGroup;
			children = (
				8E60A18D2B90629F00900F18 /* KKSwiftChartTests.swift */,
			);
			path = KKSwiftChartTests;
			sourceTree = "<group>";
		};
		8E60A1B02B90676000900F18 /* Definition */ = {
			isa = PBXGroup;
			children = (
				8E60A1AA2B90664900900F18 /* KKChartModelPrototol.swift */,
				8E60A1AE2B9066E900900F18 /* KKChartConfig.swift */,
				8E60A1B12B9067CE00900F18 /* KKPointChart.swift */,
			);
			name = Definition;
			sourceTree = "<group>";
		};
		8E60A1B32B90688300900F18 /* KKChartZooming */ = {
			isa = PBXGroup;
			children = (
				8EBDF37C2B9731F800B2A8E0 /* KKChartZoomingProtocol.swift */,
				8E60A1B52B9068C200900F18 /* KKChartZooming.swift */,
				8E60A1B72B9068D000900F18 /* KKChartZoomingView.swift */,
			);
			name = KKChartZooming;
			sourceTree = "<group>";
		};
		8E60A1B42B90689500900F18 /* KKChartIndicator */ = {
			isa = PBXGroup;
			children = (
				8E60A1F02B91FD6300900F18 /* KKChartSearchProtocol.swift */,
				8E60A1B92B90790E00900F18 /* KKChartIndicator.swift */,
				8E60A1BB2B90791A00900F18 /* KKChartIndicatorView.swift */,
			);
			name = KKChartIndicator;
			sourceTree = "<group>";
		};
		8EBDF3772B9706BE00B2A8E0 /* Frameworks */ = {
			isa = PBXGroup;
			children = (
				8EBDF3782B9706BE00B2A8E0 /* KKHelper.framework */,
			);
			name = Frameworks;
			sourceTree = "<group>";
		};
/* End PBXGroup section */

/* Begin PBXHeadersBuildPhase section */
		8E60A17B2B90629E00900F18 /* Headers */ = {
			isa = PBXHeadersBuildPhase;
			buildActionMask = 2147483647;
			files = (
				8E60A18F2B90629F00900F18 /* KKSwiftChart.h in Headers */,
			);
			runOnlyForDeploymentPostprocessing = 0;
		};
/* End PBXHeadersBuildPhase section */

/* Begin PBXNativeTarget section */
		8E60A17F2B90629E00900F18 /* KKSwiftChart */ = {
			isa = PBXNativeTarget;
			buildConfigurationList = 8E60A1922B90629F00900F18 /* Build configuration list for PBXNativeTarget "KKSwiftChart" */;
			buildPhases = (
				8E60A17B2B90629E00900F18 /* Headers */,
				8E60A17C2B90629E00900F18 /* Sources */,
				8E60A17D2B90629E00900F18 /* Frameworks */,
				8E60A17E2B90629E00900F18 /* Resources */,
				8EBDF37B2B9706BE00B2A8E0 /* Embed Frameworks */,
			);
			buildRules = (
			);
			dependencies = (
			);
			name = KKSwiftChart;
			productName = KKSwiftChart;
			productReference = 8E60A1802B90629E00900F18 /* KKSwiftChart.framework */;
			productType = "com.apple.product-type.framework";
		};
		8E60A1872B90629E00900F18 /* KKSwiftChartTests */ = {
			isa = PBXNativeTarget;
			buildConfigurationList = 8E60A1952B90629F00900F18 /* Build configuration list for PBXNativeTarget "KKSwiftChartTests" */;
			buildPhases = (
				8E60A1842B90629E00900F18 /* Sources */,
				8E60A1852B90629E00900F18 /* Frameworks */,
				8E60A1862B90629E00900F18 /* Resources */,
			);
			buildRules = (
			);
			dependencies = (
				8E60A18B2B90629F00900F18 /* PBXTargetDependency */,
			);
			name = KKSwiftChartTests;
			productName = KKSwiftChartTests;
			productReference = 8E60A1882B90629E00900F18 /* KKSwiftChartTests.xctest */;
			productType = "com.apple.product-type.bundle.unit-test";
		};
/* End PBXNativeTarget section */

/* Begin PBXProject section */
		8E60A1772B90629E00900F18 /* Project object */ = {
			isa = PBXProject;
			attributes = {
				BuildIndependentTargetsInParallel = 1;
				LastSwiftUpdateCheck = 1520;
				LastUpgradeCheck = 1520;
				TargetAttributes = {
					8E60A17F2B90629E00900F18 = {
						CreatedOnToolsVersion = 15.2;
						LastSwiftMigration = 1520;
					};
					8E60A1872B90629E00900F18 = {
						CreatedOnToolsVersion = 15.2;
					};
				};
			};
			buildConfigurationList = 8E60A17A2B90629E00900F18 /* Build configuration list for PBXProject "KKSwiftChart" */;
			compatibilityVersion = "Xcode 14.0";
			developmentRegion = en;
			hasScannedForEncodings = 0;
			knownRegions = (
				en,
				Base,
			);
			mainGroup = 8E60A1762B90629E00900F18;
			productRefGroup = 8E60A1812B90629E00900F18 /* Products */;
			projectDirPath = "";
			projectRoot = "";
			targets = (
				8E60A17F2B90629E00900F18 /* KKSwiftChart */,
				8E60A1872B90629E00900F18 /* KKSwiftChartTests */,
			);
		};
/* End PBXProject section */

/* Begin PBXResourcesBuildPhase section */
		8E60A17E2B90629E00900F18 /* Resources */ = {
			isa = PBXResourcesBuildPhase;
			buildActionMask = 2147483647;
			files = (
			);
			runOnlyForDeploymentPostprocessing = 0;
		};
		8E60A1862B90629E00900F18 /* Resources */ = {
			isa = PBXResourcesBuildPhase;
			buildActionMask = 2147483647;
			files = (
			);
			runOnlyForDeploymentPostprocessing = 0;
		};
/* End PBXResourcesBuildPhase section */

/* Begin PBXSourcesBuildPhase section */
		8E60A17C2B90629E00900F18 /* Sources */ = {
			isa = PBXSourcesBuildPhase;
			buildActionMask = 2147483647;
			files = (
				8E60A1AF2B9066E900900F18 /* KKChartConfig.swift in Sources */,
				8E60A1B82B9068D000900F18 /* KKChartZoomingView.swift in Sources */,
				8E60A1BC2B90791A00900F18 /* KKChartIndicatorView.swift in Sources */,
				8E60A1B22B9067CE00900F18 /* KKPointChart.swift in Sources */,
				8E60A1B62B9068C200900F18 /* KKChartZooming.swift in Sources */,
				8E60A1BA2B90790E00900F18 /* KKChartIndicator.swift in Sources */,
				8EBDF37D2B9731F800B2A8E0 /* KKChartZoomingProtocol.swift in Sources */,
				8E60A1F12B91FD6300900F18 /* KKChartSearchProtocol.swift in Sources */,
				8E60A1AB2B90664900900F18 /* KKChartModelPrototol.swift in Sources */,
			);
			runOnlyForDeploymentPostprocessing = 0;
		};
		8E60A1842B90629E00900F18 /* Sources */ = {
			isa = PBXSourcesBuildPhase;
			buildActionMask = 2147483647;
			files = (
				8E60A18E2B90629F00900F18 /* KKSwiftChartTests.swift in Sources */,
			);
			runOnlyForDeploymentPostprocessing = 0;
		};
/* End PBXSourcesBuildPhase section */

/* Begin PBXTargetDependency section */
		8E60A18B2B90629F00900F18 /* PBXTargetDependency */ = {
			isa = PBXTargetDependency;
			target = 8E60A17F2B90629E00900F18 /* KKSwiftChart */;
			targetProxy = 8E60A18A2B90629F00900F18 /* PBXContainerItemProxy */;
		};
/* End PBXTargetDependency section */

/* Begin XCBuildConfiguration section */
		8E60A1902B90629F00900F18 /* Debug */ = {
			isa = XCBuildConfiguration;
			buildSettings = {
				ALWAYS_SEARCH_USER_PATHS = NO;
				ASSETCATALOG_COMPILER_GENERATE_SWIFT_ASSET_SYMBOL_EXTENSIONS = YES;
				CLANG_ANALYZER_NONNULL = YES;
				CLANG_ANALYZER_NUMBER_OBJECT_CONVERSION = YES_AGGRESSIVE;
				CLANG_CXX_LANGUAGE_STANDARD = "gnu++20";
				CLANG_ENABLE_MODULES = YES;
				CLANG_ENABLE_OBJC_ARC = YES;
				CLANG_ENABLE_OBJC_WEAK = YES;
				CLANG_WARN_BLOCK_CAPTURE_AUTORELEASING = YES;
				CLANG_WARN_BOOL_CONVERSION = YES;
				CLANG_WARN_COMMA = YES;
				CLANG_WARN_CONSTANT_CONVERSION = YES;
				CLANG_WARN_DEPRECATED_OBJC_IMPLEMENTATIONS = YES;
				CLANG_WARN_DIRECT_OBJC_ISA_USAGE = YES_ERROR;
				CLANG_WARN_DOCUMENTATION_COMMENTS = YES;
				CLANG_WARN_EMPTY_BODY = YES;
				CLANG_WARN_ENUM_CONVERSION = YES;
				CLANG_WARN_INFINITE_RECURSION = YES;
				CLANG_WARN_INT_CONVERSION = YES;
				CLANG_WARN_NON_LITERAL_NULL_CONVERSION = YES;
				CLANG_WARN_OBJC_IMPLICIT_RETAIN_SELF = YES;
				CLANG_WARN_OBJC_LITERAL_CONVERSION = YES;
				CLANG_WARN_OBJC_ROOT_CLASS = YES_ERROR;
				CLANG_WARN_QUOTED_INCLUDE_IN_FRAMEWORK_HEADER = YES;
				CLANG_WARN_RANGE_LOOP_ANALYSIS = YES;
				CLANG_WARN_STRICT_PROTOTYPES = YES;
				CLANG_WARN_SUSPICIOUS_MOVE = YES;
				CLANG_WARN_UNGUARDED_AVAILABILITY = YES_AGGRESSIVE;
				CLANG_WARN_UNREACHABLE_CODE = YES;
				CLANG_WARN__DUPLICATE_METHOD_MATCH = YES;
				COPY_PHASE_STRIP = NO;
				CURRENT_PROJECT_VERSION = 1;
				DEBUG_INFORMATION_FORMAT = dwarf;
				ENABLE_STRICT_OBJC_MSGSEND = YES;
				ENABLE_TESTABILITY = YES;
				ENABLE_USER_SCRIPT_SANDBOXING = YES;
				GCC_C_LANGUAGE_STANDARD = gnu17;
				GCC_DYNAMIC_NO_PIC = NO;
				GCC_NO_COMMON_BLOCKS = YES;
				GCC_OPTIMIZATION_LEVEL = 0;
				GCC_PREPROCESSOR_DEFINITIONS = (
					"DEBUG=1",
					"$(inherited)",
				);
				GCC_WARN_64_TO_32_BIT_CONVERSION = YES;
				GCC_WARN_ABOUT_RETURN_TYPE = YES_ERROR;
				GCC_WARN_UNDECLARED_SELECTOR = YES;
				GCC_WARN_UNINITIALIZED_AUTOS = YES_AGGRESSIVE;
				GCC_WARN_UNUSED_FUNCTION = YES;
				GCC_WARN_UNUSED_VARIABLE = YES;
				IPHONEOS_DEPLOYMENT_TARGET = 17.2;
				LOCALIZATION_PREFERS_STRING_CATALOGS = YES;
				MTL_ENABLE_DEBUG_INFO = INCLUDE_SOURCE;
				MTL_FAST_MATH = YES;
				ONLY_ACTIVE_ARCH = YES;
				SDKROOT = iphoneos;
				SWIFT_ACTIVE_COMPILATION_CONDITIONS = "DEBUG $(inherited)";
				SWIFT_OPTIMIZATION_LEVEL = "-Onone";
				VERSIONING_SYSTEM = "apple-generic";
				VERSION_INFO_PREFIX = "";
			};
			name = Debug;
		};
		8E60A1912B90629F00900F18 /* Release */ = {
			isa = XCBuildConfiguration;
			buildSettings = {
				ALWAYS_SEARCH_USER_PATHS = NO;
				ASSETCATALOG_COMPILER_GENERATE_SWIFT_ASSET_SYMBOL_EXTENSIONS = YES;
				CLANG_ANALYZER_NONNULL = YES;
				CLANG_ANALYZER_NUMBER_OBJECT_CONVERSION = YES_AGGRESSIVE;
				CLANG_CXX_LANGUAGE_STANDARD = "gnu++20";
				CLANG_ENABLE_MODULES = YES;
				CLANG_ENABLE_OBJC_ARC = YES;
				CLANG_ENABLE_OBJC_WEAK = YES;
				CLANG_WARN_BLOCK_CAPTURE_AUTORELEASING = YES;
				CLANG_WARN_BOOL_CONVERSION = YES;
				CLANG_WARN_COMMA = YES;
				CLANG_WARN_CONSTANT_CONVERSION = YES;
				CLANG_WARN_DEPRECATED_OBJC_IMPLEMENTATIONS = YES;
				CLANG_WARN_DIRECT_OBJC_ISA_USAGE = YES_ERROR;
				CLANG_WARN_DOCUMENTATION_COMMENTS = YES;
				CLANG_WARN_EMPTY_BODY = YES;
				CLANG_WARN_ENUM_CONVERSION = YES;
				CLANG_WARN_INFINITE_RECURSION = YES;
				CLANG_WARN_INT_CONVERSION = YES;
				CLANG_WARN_NON_LITERAL_NULL_CONVERSION = YES;
				CLANG_WARN_OBJC_IMPLICIT_RETAIN_SELF = YES;
				CLANG_WARN_OBJC_LITERAL_CONVERSION = YES;
				CLANG_WARN_OBJC_ROOT_CLASS = YES_ERROR;
				CLANG_WARN_QUOTED_INCLUDE_IN_FRAMEWORK_HEADER = YES;
				CLANG_WARN_RANGE_LOOP_ANALYSIS = YES;
				CLANG_WARN_STRICT_PROTOTYPES = YES;
				CLANG_WARN_SUSPICIOUS_MOVE = YES;
				CLANG_WARN_UNGUARDED_AVAILABILITY = YES_AGGRESSIVE;
				CLANG_WARN_UNREACHABLE_CODE = YES;
				CLANG_WARN__DUPLICATE_METHOD_MATCH = YES;
				COPY_PHASE_STRIP = NO;
				CURRENT_PROJECT_VERSION = 1;
				DEBUG_INFORMATION_FORMAT = "dwarf-with-dsym";
				ENABLE_NS_ASSERTIONS = NO;
				ENABLE_STRICT_OBJC_MSGSEND = YES;
				ENABLE_USER_SCRIPT_SANDBOXING = YES;
				GCC_C_LANGUAGE_STANDARD = gnu17;
				GCC_NO_COMMON_BLOCKS = YES;
				GCC_WARN_64_TO_32_BIT_CONVERSION = YES;
				GCC_WARN_ABOUT_RETURN_TYPE = YES_ERROR;
				GCC_WARN_UNDECLARED_SELECTOR = YES;
				GCC_WARN_UNINITIALIZED_AUTOS = YES_AGGRESSIVE;
				GCC_WARN_UNUSED_FUNCTION = YES;
				GCC_WARN_UNUSED_VARIABLE = YES;
				IPHONEOS_DEPLOYMENT_TARGET = 17.2;
				LOCALIZATION_PREFERS_STRING_CATALOGS = YES;
				MTL_ENABLE_DEBUG_INFO = NO;
				MTL_FAST_MATH = YES;
				SDKROOT = iphoneos;
				SWIFT_COMPILATION_MODE = wholemodule;
				VALIDATE_PRODUCT = YES;
				VERSIONING_SYSTEM = "apple-generic";
				VERSION_INFO_PREFIX = "";
			};
			name = Release;
		};
		8E60A1932B90629F00900F18 /* Debug */ = {
			isa = XCBuildConfiguration;
			buildSettings = {
				CLANG_ENABLE_MODULES = YES;
				CODE_SIGN_STYLE = Automatic;
				CURRENT_PROJECT_VERSION = 1;
				DEFINES_MODULE = YES;
				DEVELOPMENT_TEAM = HNSKUL3WR3;
				DYLIB_COMPATIBILITY_VERSION = 1;
				DYLIB_CURRENT_VERSION = 1;
				DYLIB_INSTALL_NAME_BASE = "@rpath";
				ENABLE_MODULE_VERIFIER = YES;
				GENERATE_INFOPLIST_FILE = YES;
				INFOPLIST_KEY_NSHumanReadableCopyright = "";
				INSTALL_PATH = "$(LOCAL_LIBRARY_DIR)/Frameworks";
				LD_RUNPATH_SEARCH_PATHS = (
					"$(inherited)",
					"@executable_path/Frameworks",
					"@loader_path/Frameworks",
				);
				MARKETING_VERSION = 1.0;
				MODULE_VERIFIER_SUPPORTED_LANGUAGES = "objective-c objective-c++";
				MODULE_VERIFIER_SUPPORTED_LANGUAGE_STANDARDS = "gnu17 gnu++20";
				PRODUCT_BUNDLE_IDENTIFIER = com.kkarpiak.KKSwiftChart;
				PRODUCT_NAME = "$(TARGET_NAME:c99extidentifier)";
				SKIP_INSTALL = YES;
				SWIFT_EMIT_LOC_STRINGS = YES;
				SWIFT_OPTIMIZATION_LEVEL = "-Onone";
				SWIFT_VERSION = 5.0;
				TARGETED_DEVICE_FAMILY = "1,2";
			};
			name = Debug;
		};
		8E60A1942B90629F00900F18 /* Release */ = {
			isa = XCBuildConfiguration;
			buildSettings = {
				CLANG_ENABLE_MODULES = YES;
				CODE_SIGN_STYLE = Automatic;
				CURRENT_PROJECT_VERSION = 1;
				DEFINES_MODULE = YES;
				DEVELOPMENT_TEAM = HNSKUL3WR3;
				DYLIB_COMPATIBILITY_VERSION = 1;
				DYLIB_CURRENT_VERSION = 1;
				DYLIB_INSTALL_NAME_BASE = "@rpath";
				ENABLE_MODULE_VERIFIER = YES;
				GENERATE_INFOPLIST_FILE = YES;
				INFOPLIST_KEY_NSHumanReadableCopyright = "";
				INSTALL_PATH = "$(LOCAL_LIBRARY_DIR)/Frameworks";
				LD_RUNPATH_SEARCH_PATHS = (
					"$(inherited)",
					"@executable_path/Frameworks",
					"@loader_path/Frameworks",
				);
				MARKETING_VERSION = 1.0;
				MODULE_VERIFIER_SUPPORTED_LANGUAGES = "objective-c objective-c++";
				MODULE_VERIFIER_SUPPORTED_LANGUAGE_STANDARDS = "gnu17 gnu++20";
				PRODUCT_BUNDLE_IDENTIFIER = com.kkarpiak.KKSwiftChart;
				PRODUCT_NAME = "$(TARGET_NAME:c99extidentifier)";
				SKIP_INSTALL = YES;
				SWIFT_EMIT_LOC_STRINGS = YES;
				SWIFT_VERSION = 5.0;
				TARGETED_DEVICE_FAMILY = "1,2";
			};
			name = Release;
		};
		8E60A1962B90629F00900F18 /* Debug */ = {
			isa = XCBuildConfiguration;
			buildSettings = {
				ALWAYS_EMBED_SWIFT_STANDARD_LIBRARIES = YES;
				CODE_SIGN_STYLE = Automatic;
				CURRENT_PROJECT_VERSION = 1;
				DEVELOPMENT_TEAM = HNSKUL3WR3;
				GENERATE_INFOPLIST_FILE = YES;
				MARKETING_VERSION = 1.0;
				PRODUCT_BUNDLE_IDENTIFIER = com.kkarpiak.KKSwiftChartTests;
				PRODUCT_NAME = "$(TARGET_NAME)";
				SWIFT_EMIT_LOC_STRINGS = NO;
				SWIFT_VERSION = 5.0;
				TARGETED_DEVICE_FAMILY = "1,2";
			};
			name = Debug;
		};
		8E60A1972B90629F00900F18 /* Release */ = {
			isa = XCBuildConfiguration;
			buildSettings = {
				ALWAYS_EMBED_SWIFT_STANDARD_LIBRARIES = YES;
				CODE_SIGN_STYLE = Automatic;
				CURRENT_PROJECT_VERSION = 1;
				DEVELOPMENT_TEAM = HNSKUL3WR3;
				GENERATE_INFOPLIST_FILE = YES;
				MARKETING_VERSION = 1.0;
				PRODUCT_BUNDLE_IDENTIFIER = com.kkarpiak.KKSwiftChartTests;
				PRODUCT_NAME = "$(TARGET_NAME)";
				SWIFT_EMIT_LOC_STRINGS = NO;
				SWIFT_VERSION = 5.0;
				TARGETED_DEVICE_FAMILY = "1,2";
			};
			name = Release;
		};
/* End XCBuildConfiguration section */

/* Begin XCConfigurationList section */
		8E60A17A2B90629E00900F18 /* Build configuration list for PBXProject "KKSwiftChart" */ = {
			isa = XCConfigurationList;
			buildConfigurations = (
				8E60A1902B90629F00900F18 /* Debug */,
				8E60A1912B90629F00900F18 /* Release */,
			);
			defaultConfigurationIsVisible = 0;
			defaultConfigurationName = Release;
		};
		8E60A1922B90629F00900F18 /* Build configuration list for PBXNativeTarget "KKSwiftChart" */ = {
			isa = XCConfigurationList;
			buildConfigurations = (
				8E60A1932B90629F00900F18 /* Debug */,
				8E60A1942B90629F00900F18 /* Release */,
			);
			defaultConfigurationIsVisible = 0;
			defaultConfigurationName = Release;
		};
		8E60A1952B90629F00900F18 /* Build configuration list for PBXNativeTarget "KKSwiftChartTests" */ = {
			isa = XCConfigurationList;
			buildConfigurations = (
				8E60A1962B90629F00900F18 /* Debug */,
				8E60A1972B90629F00900F18 /* Release */,
			);
			defaultConfigurationIsVisible = 0;
			defaultConfigurationName = Release;
		};
/* End XCConfigurationList section */
	};
	rootObject = 8E60A1772B90629E00900F18 /* Project object */;
}
